
Microsoft Visual Studio Solution File, Format Version 12.00
# Visual Studio Version 16
VisualStudioVersion = 16.0.31729.503
MinimumVisualStudioVersion = 10.0.40219.1
Project("{FAE04EC0-301F-11D3-BF4B-00C04F79EFBC}") = "QueenslandCompetitionApp", "QueenslandCompetitionApp\QueenslandCompetitionApp.csproj", "{8F61DA37-6A49-46B6-890F-E377F61945B5}"
EndProject
Global
	GlobalSection(SolutionConfigurationPlatforms) = preSolution
		Debug|Any CPU = Debug|Any CPU
		Release|Any CPU = Release|Any CPU
	EndGlobalSection
	GlobalSection(ProjectConfigurationPlatforms) = postSolution
		{8F61DA37-6A49-46B6-890F-E377F61945B5}.Debug|Any CPU.ActiveCfg = Debug|Any CPU
		{8F61DA37-6A49-46B6-890F-E377F61945B5}.Debug|Any CPU.Build.0 = Debug|Any CPU
		{8F61DA37-6A49-46B6-890F-E377F61945B5}.Release|Any CPU.ActiveCfg = Release|Any CPU
		{8F61DA37-6A49-46B6-890F-E377F61945B5}.Release|Any CPU.Build.0 = Release|Any CPU
	EndGlobalSection
	GlobalSection(SolutionProperties) = preSolution
		HideSolutionNode = FALSE
	EndGlobalSection
	GlobalSection(ExtensibilityGlobals) = postSolution
		SolutionGuid = {042461E6-1E7A-4218-9A85-416AEFD6C871}
	EndGlobalSection
EndGlobal
